
Microsoft Visual Studio Solution File, Format Version 12.00
# Visual Studio Version 17
VisualStudioVersion = 17.3.32929.385
MinimumVisualStudioVersion = 10.0.40219.1
Project("{FAE04EC0-301F-11D3-BF4B-00C04F79EFBC}") = "JustProject", "JustProject\JustProject.csproj", "{AA810B58-2EAE-4481-B867-2CB9DF9D9334}"
EndProject
Global
	GlobalSection(SolutionConfigurationPlatforms) = preSolution
		Debug|Any CPU = Debug|Any CPU
		Release|Any CPU = Release|Any CPU
	EndGlobalSection
	GlobalSection(ProjectConfigurationPlatforms) = postSolution
		{AA810B58-2EAE-4481-B867-2CB9DF9D9334}.Debug|Any CPU.ActiveCfg = Debug|Any CPU
		{AA810B58-2EAE-4481-B867-2CB9DF9D9334}.Debug|Any CPU.Build.0 = Debug|Any CPU
		{AA810B58-2EAE-4481-B867-2CB9DF9D9334}.Release|Any CPU.ActiveCfg = Release|Any CPU
		{AA810B58-2EAE-4481-B867-2CB9DF9D9334}.Release|Any CPU.Build.0 = Release|Any CPU
	EndGlobalSection
	GlobalSection(SolutionProperties) = preSolution
		HideSolutionNode = FALSE
	EndGlobalSection
	GlobalSection(ExtensibilityGlobals) = postSolution
		SolutionGuid = {548451CD-AD3C-4080-AC22-8880D9E22D19}
	EndGlobalSection
EndGlobal
